
Microsoft Visual Studio Solution File, Format Version 12.00
# Visual Studio Version 17
VisualStudioVersion = 17.10.35004.147
MinimumVisualStudioVersion = 10.0.40219.1
Project("{9A19103F-16F7-4668-BE54-9A1E7A4F7556}") = "BackgroundWorker", "BackgroundWorker\BackgroundWorker.csproj", "{DFB33880-6C84-4ABC-925F-BDCBDDAB5C6F}"
EndProject
Project("{9A19103F-16F7-4668-BE54-9A1E7A4F7556}") = "FunctionApp1", "FunctionApp1\FunctionApp1.csproj", "{423433B6-DBFB-4645-BCA5-4CF5F4239CEB}"
EndProject
Project("{9A19103F-16F7-4668-BE54-9A1E7A4F7556}") = "OrderYourDrink", "OrderYourDrink\OrderYourDrink.csproj", "{9B0587B3-EAA7-4168-A459-7ADFA837EE43}"
EndProject
Project("{9A19103F-16F7-4668-BE54-9A1E7A4F7556}") = "OrderYourDrink.BLL", "..\OrderYourDrink.BLL\OrderYourDrink.BLL.csproj", "{7BF78463-F160-40AD-9E1B-F986CFF21F74}"
EndProject
Global
	GlobalSection(SolutionConfigurationPlatforms) = preSolution
		Debug|Any CPU = Debug|Any CPU
		Release|Any CPU = Release|Any CPU
	EndGlobalSection
	GlobalSection(ProjectConfigurationPlatforms) = postSolution
		{DFB33880-6C84-4ABC-925F-BDCBDDAB5C6F}.Debug|Any CPU.ActiveCfg = Debug|Any CPU
		{DFB33880-6C84-4ABC-925F-BDCBDDAB5C6F}.Debug|Any CPU.Build.0 = Debug|Any CPU
		{DFB33880-6C84-4ABC-925F-BDCBDDAB5C6F}.Release|Any CPU.ActiveCfg = Release|Any CPU
		{DFB33880-6C84-4ABC-925F-BDCBDDAB5C6F}.Release|Any CPU.Build.0 = Release|Any CPU
		{423433B6-DBFB-4645-BCA5-4CF5F4239CEB}.Debug|Any CPU.ActiveCfg = Debug|Any CPU
		{423433B6-DBFB-4645-BCA5-4CF5F4239CEB}.Debug|Any CPU.Build.0 = Debug|Any CPU
		{423433B6-DBFB-4645-BCA5-4CF5F4239CEB}.Release|Any CPU.ActiveCfg = Release|Any CPU
		{423433B6-DBFB-4645-BCA5-4CF5F4239CEB}.Release|Any CPU.Build.0 = Release|Any CPU
		{9B0587B3-EAA7-4168-A459-7ADFA837EE43}.Debug|Any CPU.ActiveCfg = Debug|Any CPU
		{9B0587B3-EAA7-4168-A459-7ADFA837EE43}.Debug|Any CPU.Build.0 = Debug|Any CPU
		{9B0587B3-EAA7-4168-A459-7ADFA837EE43}.Release|Any CPU.ActiveCfg = Release|Any CPU
		{9B0587B3-EAA7-4168-A459-7ADFA837EE43}.Release|Any CPU.Build.0 = Release|Any CPU
		{7BF78463-F160-40AD-9E1B-F986CFF21F74}.Debug|Any CPU.ActiveCfg = Debug|Any CPU
		{7BF78463-F160-40AD-9E1B-F986CFF21F74}.Debug|Any CPU.Build.0 = Debug|Any CPU
		{7BF78463-F160-40AD-9E1B-F986CFF21F74}.Release|Any CPU.ActiveCfg = Release|Any CPU
		{7BF78463-F160-40AD-9E1B-F986CFF21F74}.Release|Any CPU.Build.0 = Release|Any CPU
	EndGlobalSection
	GlobalSection(SolutionProperties) = preSolution
		HideSolutionNode = FALSE
	EndGlobalSection
	GlobalSection(ExtensibilityGlobals) = postSolution
		SolutionGuid = {97208BC6-5F15-42D4-83DB-14A1032EA012}
	EndGlobalSection
EndGlobal
